<?xml version="1.0" encoding="utf-8"?>
<Project ToolsVersion="17.0" xmlns="http://schemas.microsoft.com/developer/msbuild/2003">
  <ItemGroup>
    <ClCompile Include="C:\Dev\kingscabinstaller-main\build_windows\_deps\juce-src\modules\juce_audio_plugin_client\VST3\juce_VST3ManifestHelper.cpp">
      <Filter>Source Files</Filter>
    </ClCompile>
  </ItemGroup>
  <ItemGroup>
    <CustomBuild Include="C:\Dev\kingscabinstaller-main\CMakeLists.txt" />
  </ItemGroup>
  <ItemGroup>
    <Filter Include="Source Files">
      <UniqueIdentifier>{8982C18C-488B-3984-BDAD-43CFBA735218}</UniqueIdentifier>
    </Filter>
  </ItemGroup>
</Project>
