
Microsoft Visual Studio Solution File, Format Version 12.00
# Visual Studio Version 17
Project("{2150E333-8FDC-42A3-9474-1A3956D46DE8}") = "CMakePredefinedTargets", "CMakePredefinedTargets", "{2AC5D25A-4BD7-3E1B-A196-47F49E15959F}"
EndProject
Project("{2150E333-8FDC-42A3-9474-1A3956D46DE8}") = "TheKingsCab", "TheKingsCab", "{FFF69245-8DBC-3EC6-AFA1-57CC35F38CC6}"
EndProject
Project("{8BC9CEB8-8B4A-11D0-8D11-00A0C91BC942}") = "ALL_BUILD", "ALL_BUILD.vcxproj", "{DA2D0441-9CF6-3708-AE31-137A00A5AC71}"
	ProjectSection(ProjectDependencies) = postProject
		{F1170382-C62E-32C4-846D-C428C40F3D20} = {F1170382-C62E-32C4-846D-C428C40F3D20}
		{44AC734B-2F5B-3927-AD23-817570EFB485} = {44AC734B-2F5B-3927-AD23-817570EFB485}
		{E5D3E53D-AACF-38ED-B1CB-B8CF95BC7B79} = {E5D3E53D-AACF-38ED-B1CB-B8CF95BC7B79}
		{551C8BAE-F04E-356E-B320-DA0D11CE5789} = {551C8BAE-F04E-356E-B320-DA0D11CE5789}
		{C59A7349-D21B-3481-A29B-CE87903B1385} = {C59A7349-D21B-3481-A29B-CE87903B1385}
		{B3BE519D-2CD7-335F-B314-91FFFDF79E83} = {B3BE519D-2CD7-335F-B314-91FFFDF79E83}
		{191775B9-6EB2-379D-91D8-5ED9FD8976CD} = {191775B9-6EB2-379D-91D8-5ED9FD8976CD}
	EndProjectSection
EndProject
Project("{8BC9CEB8-8B4A-11D0-8D11-00A0C91BC942}") = "INSTALL", "INSTALL.vcxproj", "{799A1717-E730-302E-8EB2-71EA57C0EAC0}"
	ProjectSection(ProjectDependencies) = postProject
		{DA2D0441-9CF6-3708-AE31-137A00A5AC71} = {DA2D0441-9CF6-3708-AE31-137A00A5AC71}
		{B3BE519D-2CD7-335F-B314-91FFFDF79E83} = {B3BE519D-2CD7-335F-B314-91FFFDF79E83}
	EndProjectSection
EndProject
Project("{8BC9CEB8-8B4A-11D0-8D11-00A0C91BC942}") = "TheKingsCab", "TheKingsCab.vcxproj", "{F1170382-C62E-32C4-846D-C428C40F3D20}"
	ProjectSection(ProjectDependencies) = postProject
		{B3BE519D-2CD7-335F-B314-91FFFDF79E83} = {B3BE519D-2CD7-335F-B314-91FFFDF79E83}
	EndProjectSection
EndProject
Project("{8BC9CEB8-8B4A-11D0-8D11-00A0C91BC942}") = "TheKingsCab_AAX", "TheKingsCab_AAX.vcxproj", "{44AC734B-2F5B-3927-AD23-817570EFB485}"
	ProjectSection(ProjectDependencies) = postProject
		{F1170382-C62E-32C4-846D-C428C40F3D20} = {F1170382-C62E-32C4-846D-C428C40F3D20}
		{C59A7349-D21B-3481-A29B-CE87903B1385} = {C59A7349-D21B-3481-A29B-CE87903B1385}
		{B3BE519D-2CD7-335F-B314-91FFFDF79E83} = {B3BE519D-2CD7-335F-B314-91FFFDF79E83}
	EndProjectSection
EndProject
Project("{8BC9CEB8-8B4A-11D0-8D11-00A0C91BC942}") = "TheKingsCab_All", "TheKingsCab_All.vcxproj", "{25C579B1-7B07-3CF1-A56C-F156B2163E08}"
	ProjectSection(ProjectDependencies) = postProject
		{44AC734B-2F5B-3927-AD23-817570EFB485} = {44AC734B-2F5B-3927-AD23-817570EFB485}
		{E5D3E53D-AACF-38ED-B1CB-B8CF95BC7B79} = {E5D3E53D-AACF-38ED-B1CB-B8CF95BC7B79}
		{551C8BAE-F04E-356E-B320-DA0D11CE5789} = {551C8BAE-F04E-356E-B320-DA0D11CE5789}
		{B3BE519D-2CD7-335F-B314-91FFFDF79E83} = {B3BE519D-2CD7-335F-B314-91FFFDF79E83}
	EndProjectSection
EndProject
Project("{8BC9CEB8-8B4A-11D0-8D11-00A0C91BC942}") = "TheKingsCab_Standalone", "TheKingsCab_Standalone.vcxproj", "{E5D3E53D-AACF-38ED-B1CB-B8CF95BC7B79}"
	ProjectSection(ProjectDependencies) = postProject
		{F1170382-C62E-32C4-846D-C428C40F3D20} = {F1170382-C62E-32C4-846D-C428C40F3D20}
		{C59A7349-D21B-3481-A29B-CE87903B1385} = {C59A7349-D21B-3481-A29B-CE87903B1385}
		{B3BE519D-2CD7-335F-B314-91FFFDF79E83} = {B3BE519D-2CD7-335F-B314-91FFFDF79E83}
	EndProjectSection
EndProject
Project("{8BC9CEB8-8B4A-11D0-8D11-00A0C91BC942}") = "TheKingsCab_VST3", "TheKingsCab_VST3.vcxproj", "{551C8BAE-F04E-356E-B320-DA0D11CE5789}"
	ProjectSection(ProjectDependencies) = postProject
		{F1170382-C62E-32C4-846D-C428C40F3D20} = {F1170382-C62E-32C4-846D-C428C40F3D20}
		{C59A7349-D21B-3481-A29B-CE87903B1385} = {C59A7349-D21B-3481-A29B-CE87903B1385}
		{B3BE519D-2CD7-335F-B314-91FFFDF79E83} = {B3BE519D-2CD7-335F-B314-91FFFDF79E83}
		{191775B9-6EB2-379D-91D8-5ED9FD8976CD} = {191775B9-6EB2-379D-91D8-5ED9FD8976CD}
	EndProjectSection
EndProject
Project("{8BC9CEB8-8B4A-11D0-8D11-00A0C91BC942}") = "TheKingsCab_rc_lib", "TheKingsCab_rc_lib.vcxproj", "{C59A7349-D21B-3481-A29B-CE87903B1385}"
	ProjectSection(ProjectDependencies) = postProject
		{B3BE519D-2CD7-335F-B314-91FFFDF79E83} = {B3BE519D-2CD7-335F-B314-91FFFDF79E83}
	EndProjectSection
EndProject
Project("{8BC9CEB8-8B4A-11D0-8D11-00A0C91BC942}") = "ZERO_CHECK", "ZERO_CHECK.vcxproj", "{B3BE519D-2CD7-335F-B314-91FFFDF79E83}"
	ProjectSection(ProjectDependencies) = postProject
	EndProjectSection
EndProject
Project("{8BC9CEB8-8B4A-11D0-8D11-00A0C91BC942}") = "juce_vst3_helper", "juce_vst3_helper.vcxproj", "{191775B9-6EB2-379D-91D8-5ED9FD8976CD}"
	ProjectSection(ProjectDependencies) = postProject
		{B3BE519D-2CD7-335F-B314-91FFFDF79E83} = {B3BE519D-2CD7-335F-B314-91FFFDF79E83}
	EndProjectSection
EndProject
Global
	GlobalSection(SolutionConfigurationPlatforms) = preSolution
		Debug|x64 = Debug|x64
		Release|x64 = Release|x64
		MinSizeRel|x64 = MinSizeRel|x64
		RelWithDebInfo|x64 = RelWithDebInfo|x64
	EndGlobalSection
	GlobalSection(ProjectConfigurationPlatforms) = postSolution
		{DA2D0441-9CF6-3708-AE31-137A00A5AC71}.Debug|x64.ActiveCfg = Debug|x64
		{DA2D0441-9CF6-3708-AE31-137A00A5AC71}.Debug|x64.Build.0 = Debug|x64
		{DA2D0441-9CF6-3708-AE31-137A00A5AC71}.Release|x64.ActiveCfg = Release|x64
		{DA2D0441-9CF6-3708-AE31-137A00A5AC71}.Release|x64.Build.0 = Release|x64
		{DA2D0441-9CF6-3708-AE31-137A00A5AC71}.MinSizeRel|x64.ActiveCfg = MinSizeRel|x64
		{DA2D0441-9CF6-3708-AE31-137A00A5AC71}.MinSizeRel|x64.Build.0 = MinSizeRel|x64
		{DA2D0441-9CF6-3708-AE31-137A00A5AC71}.RelWithDebInfo|x64.ActiveCfg = RelWithDebInfo|x64
		{DA2D0441-9CF6-3708-AE31-137A00A5AC71}.RelWithDebInfo|x64.Build.0 = RelWithDebInfo|x64
		{799A1717-E730-302E-8EB2-71EA57C0EAC0}.Debug|x64.ActiveCfg = Debug|x64
		{799A1717-E730-302E-8EB2-71EA57C0EAC0}.Release|x64.ActiveCfg = Release|x64
		{799A1717-E730-302E-8EB2-71EA57C0EAC0}.MinSizeRel|x64.ActiveCfg = MinSizeRel|x64
		{799A1717-E730-302E-8EB2-71EA57C0EAC0}.RelWithDebInfo|x64.ActiveCfg = RelWithDebInfo|x64
		{F1170382-C62E-32C4-846D-C428C40F3D20}.Debug|x64.ActiveCfg = Debug|x64
		{F1170382-C62E-32C4-846D-C428C40F3D20}.Debug|x64.Build.0 = Debug|x64
		{F1170382-C62E-32C4-846D-C428C40F3D20}.Release|x64.ActiveCfg = Release|x64
		{F1170382-C62E-32C4-846D-C428C40F3D20}.Release|x64.Build.0 = Release|x64
		{F1170382-C62E-32C4-846D-C428C40F3D20}.MinSizeRel|x64.ActiveCfg = MinSizeRel|x64
		{F1170382-C62E-32C4-846D-C428C40F3D20}.MinSizeRel|x64.Build.0 = MinSizeRel|x64
		{F1170382-C62E-32C4-846D-C428C40F3D20}.RelWithDebInfo|x64.ActiveCfg = RelWithDebInfo|x64
		{F1170382-C62E-32C4-846D-C428C40F3D20}.RelWithDebInfo|x64.Build.0 = RelWithDebInfo|x64
		{44AC734B-2F5B-3927-AD23-817570EFB485}.Debug|x64.ActiveCfg = Debug|x64
		{44AC734B-2F5B-3927-AD23-817570EFB485}.Debug|x64.Build.0 = Debug|x64
		{44AC734B-2F5B-3927-AD23-817570EFB485}.Release|x64.ActiveCfg = Release|x64
		{44AC734B-2F5B-3927-AD23-817570EFB485}.Release|x64.Build.0 = Release|x64
		{44AC734B-2F5B-3927-AD23-817570EFB485}.MinSizeRel|x64.ActiveCfg = MinSizeRel|x64
		{44AC734B-2F5B-3927-AD23-817570EFB485}.MinSizeRel|x64.Build.0 = MinSizeRel|x64
		{44AC734B-2F5B-3927-AD23-817570EFB485}.RelWithDebInfo|x64.ActiveCfg = RelWithDebInfo|x64
		{44AC734B-2F5B-3927-AD23-817570EFB485}.RelWithDebInfo|x64.Build.0 = RelWithDebInfo|x64
		{25C579B1-7B07-3CF1-A56C-F156B2163E08}.Debug|x64.ActiveCfg = Debug|x64
		{25C579B1-7B07-3CF1-A56C-F156B2163E08}.Release|x64.ActiveCfg = Release|x64
		{25C579B1-7B07-3CF1-A56C-F156B2163E08}.MinSizeRel|x64.ActiveCfg = MinSizeRel|x64
		{25C579B1-7B07-3CF1-A56C-F156B2163E08}.RelWithDebInfo|x64.ActiveCfg = RelWithDebInfo|x64
		{E5D3E53D-AACF-38ED-B1CB-B8CF95BC7B79}.Debug|x64.ActiveCfg = Debug|x64
		{E5D3E53D-AACF-38ED-B1CB-B8CF95BC7B79}.Debug|x64.Build.0 = Debug|x64
		{E5D3E53D-AACF-38ED-B1CB-B8CF95BC7B79}.Release|x64.ActiveCfg = Release|x64
		{E5D3E53D-AACF-38ED-B1CB-B8CF95BC7B79}.Release|x64.Build.0 = Release|x64
		{E5D3E53D-AACF-38ED-B1CB-B8CF95BC7B79}.MinSizeRel|x64.ActiveCfg = MinSizeRel|x64
		{E5D3E53D-AACF-38ED-B1CB-B8CF95BC7B79}.MinSizeRel|x64.Build.0 = MinSizeRel|x64
		{E5D3E53D-AACF-38ED-B1CB-B8CF95BC7B79}.RelWithDebInfo|x64.ActiveCfg = RelWithDebInfo|x64
		{E5D3E53D-AACF-38ED-B1CB-B8CF95BC7B79}.RelWithDebInfo|x64.Build.0 = RelWithDebInfo|x64
		{551C8BAE-F04E-356E-B320-DA0D11CE5789}.Debug|x64.ActiveCfg = Debug|x64
		{551C8BAE-F04E-356E-B320-DA0D11CE5789}.Debug|x64.Build.0 = Debug|x64
		{551C8BAE-F04E-356E-B320-DA0D11CE5789}.Release|x64.ActiveCfg = Release|x64
		{551C8BAE-F04E-356E-B320-DA0D11CE5789}.Release|x64.Build.0 = Release|x64
		{551C8BAE-F04E-356E-B320-DA0D11CE5789}.MinSizeRel|x64.ActiveCfg = MinSizeRel|x64
		{551C8BAE-F04E-356E-B320-DA0D11CE5789}.MinSizeRel|x64.Build.0 = MinSizeRel|x64
		{551C8BAE-F04E-356E-B320-DA0D11CE5789}.RelWithDebInfo|x64.ActiveCfg = RelWithDebInfo|x64
		{551C8BAE-F04E-356E-B320-DA0D11CE5789}.RelWithDebInfo|x64.Build.0 = RelWithDebInfo|x64
		{C59A7349-D21B-3481-A29B-CE87903B1385}.Debug|x64.ActiveCfg = Debug|x64
		{C59A7349-D21B-3481-A29B-CE87903B1385}.Debug|x64.Build.0 = Debug|x64
		{C59A7349-D21B-3481-A29B-CE87903B1385}.Release|x64.ActiveCfg = Release|x64
		{C59A7349-D21B-3481-A29B-CE87903B1385}.Release|x64.Build.0 = Release|x64
		{C59A7349-D21B-3481-A29B-CE87903B1385}.MinSizeRel|x64.ActiveCfg = MinSizeRel|x64
		{C59A7349-D21B-3481-A29B-CE87903B1385}.MinSizeRel|x64.Build.0 = MinSizeRel|x64
		{C59A7349-D21B-3481-A29B-CE87903B1385}.RelWithDebInfo|x64.ActiveCfg = RelWithDebInfo|x64
		{C59A7349-D21B-3481-A29B-CE87903B1385}.RelWithDebInfo|x64.Build.0 = RelWithDebInfo|x64
		{B3BE519D-2CD7-335F-B314-91FFFDF79E83}.Debug|x64.ActiveCfg = Debug|x64
		{B3BE519D-2CD7-335F-B314-91FFFDF79E83}.Debug|x64.Build.0 = Debug|x64
		{B3BE519D-2CD7-335F-B314-91FFFDF79E83}.Release|x64.ActiveCfg = Release|x64
		{B3BE519D-2CD7-335F-B314-91FFFDF79E83}.Release|x64.Build.0 = Release|x64
		{B3BE519D-2CD7-335F-B314-91FFFDF79E83}.MinSizeRel|x64.ActiveCfg = MinSizeRel|x64
		{B3BE519D-2CD7-335F-B314-91FFFDF79E83}.MinSizeRel|x64.Build.0 = MinSizeRel|x64
		{B3BE519D-2CD7-335F-B314-91FFFDF79E83}.RelWithDebInfo|x64.ActiveCfg = RelWithDebInfo|x64
		{B3BE519D-2CD7-335F-B314-91FFFDF79E83}.RelWithDebInfo|x64.Build.0 = RelWithDebInfo|x64
		{191775B9-6EB2-379D-91D8-5ED9FD8976CD}.Debug|x64.ActiveCfg = Debug|x64
		{191775B9-6EB2-379D-91D8-5ED9FD8976CD}.Debug|x64.Build.0 = Debug|x64
		{191775B9-6EB2-379D-91D8-5ED9FD8976CD}.Release|x64.ActiveCfg = Release|x64
		{191775B9-6EB2-379D-91D8-5ED9FD8976CD}.Release|x64.Build.0 = Release|x64
		{191775B9-6EB2-379D-91D8-5ED9FD8976CD}.MinSizeRel|x64.ActiveCfg = MinSizeRel|x64
		{191775B9-6EB2-379D-91D8-5ED9FD8976CD}.MinSizeRel|x64.Build.0 = MinSizeRel|x64
		{191775B9-6EB2-379D-91D8-5ED9FD8976CD}.RelWithDebInfo|x64.ActiveCfg = RelWithDebInfo|x64
		{191775B9-6EB2-379D-91D8-5ED9FD8976CD}.RelWithDebInfo|x64.Build.0 = RelWithDebInfo|x64
	EndGlobalSection
	GlobalSection(NestedProjects) = preSolution
		{DA2D0441-9CF6-3708-AE31-137A00A5AC71} = {2AC5D25A-4BD7-3E1B-A196-47F49E15959F}
		{799A1717-E730-302E-8EB2-71EA57C0EAC0} = {2AC5D25A-4BD7-3E1B-A196-47F49E15959F}
		{B3BE519D-2CD7-335F-B314-91FFFDF79E83} = {2AC5D25A-4BD7-3E1B-A196-47F49E15959F}
		{F1170382-C62E-32C4-846D-C428C40F3D20} = {FFF69245-8DBC-3EC6-AFA1-57CC35F38CC6}
		{44AC734B-2F5B-3927-AD23-817570EFB485} = {FFF69245-8DBC-3EC6-AFA1-57CC35F38CC6}
		{25C579B1-7B07-3CF1-A56C-F156B2163E08} = {FFF69245-8DBC-3EC6-AFA1-57CC35F38CC6}
		{E5D3E53D-AACF-38ED-B1CB-B8CF95BC7B79} = {FFF69245-8DBC-3EC6-AFA1-57CC35F38CC6}
		{551C8BAE-F04E-356E-B320-DA0D11CE5789} = {FFF69245-8DBC-3EC6-AFA1-57CC35F38CC6}
	EndGlobalSection
	GlobalSection(ExtensibilityGlobals) = postSolution
		SolutionGuid = {E1E4562C-56CA-31FD-BEF3-80C1566A2713}
	EndGlobalSection
	GlobalSection(ExtensibilityAddIns) = postSolution
	EndGlobalSection
EndGlobal
