<?xml version="1.0" encoding="utf-8"?>
<Project ToolsVersion="17.0" xmlns="http://schemas.microsoft.com/developer/msbuild/2003">
  <ItemGroup>
    <ClCompile Include="C:\Dev\kingscabinstaller-main\build_windows\_deps\juce-src\modules\juce_audio_plugin_client\juce_audio_plugin_client_AAX.cpp">
      <Filter>JUCE Modules\juce_audio_plugin_client</Filter>
    </ClCompile>
    <ClCompile Include="C:\Dev\kingscabinstaller-main\build_windows\_deps\juce-src\modules\juce_audio_plugin_client\juce_audio_plugin_client_AAX_utils.cpp">
      <Filter>JUCE Modules\juce_audio_plugin_client</Filter>
    </ClCompile>
    <ClCompile Include="C:\Dev\kingscabinstaller-main\build_windows\_deps\juce-src\modules\juce_audio_plugin_client\juce_audio_plugin_client_ARA.cpp">
      <Filter>JUCE Modules\juce_audio_plugin_client</Filter>
    </ClCompile>
    <ClCompile Include="C:\Dev\kingscabinstaller-main\build_windows\_deps\juce-src\modules\juce_audio_plugin_client\juce_audio_plugin_client_LV2.cpp">
      <Filter>JUCE Modules\juce_audio_plugin_client</Filter>
    </ClCompile>
    <ClCompile Include="C:\Dev\kingscabinstaller-main\build_windows\_deps\juce-src\modules\juce_audio_plugin_client\juce_audio_plugin_client_Standalone.cpp">
      <Filter>JUCE Modules\juce_audio_plugin_client</Filter>
    </ClCompile>
    <ClCompile Include="C:\Dev\kingscabinstaller-main\build_windows\_deps\juce-src\modules\juce_audio_plugin_client\juce_audio_plugin_client_Unity.cpp">
      <Filter>JUCE Modules\juce_audio_plugin_client</Filter>
    </ClCompile>
    <ClCompile Include="C:\Dev\kingscabinstaller-main\build_windows\_deps\juce-src\modules\juce_audio_plugin_client\juce_audio_plugin_client_VST2.cpp">
      <Filter>JUCE Modules\juce_audio_plugin_client</Filter>
    </ClCompile>
    <ClCompile Include="C:\Dev\kingscabinstaller-main\build_windows\_deps\juce-src\modules\juce_audio_plugin_client\juce_audio_plugin_client_VST3.cpp">
      <Filter>JUCE Modules\juce_audio_plugin_client</Filter>
    </ClCompile>
  </ItemGroup>
  <ItemGroup>
    <CustomBuild Include="C:\Dev\kingscabinstaller-main\CMakeLists.txt" />
  </ItemGroup>
  <ItemGroup>
    <Object Include="C:\Dev\kingscabinstaller-main\build_windows\TheKingsCab_rc_lib.dir\$(Configuration)\TheKingsCab_resources.res">
      <Filter>Object Libraries</Filter>
    </Object>
  </ItemGroup>
  <ItemGroup>
    <Filter Include="JUCE Modules">
      <UniqueIdentifier>{7EC6228D-DB5C-304C-AA68-2A5585CE30B6}</UniqueIdentifier>
    </Filter>
    <Filter Include="JUCE Modules\juce_audio_plugin_client">
      <UniqueIdentifier>{74307977-399F-37B1-BD6D-6B91ACDB624F}</UniqueIdentifier>
    </Filter>
    <Filter Include="Object Libraries">
      <UniqueIdentifier>{0CB8E425-3BB8-3FF2-858F-E39E94E8C5D9}</UniqueIdentifier>
    </Filter>
  </ItemGroup>
</Project>
